
Microsoft Visual Studio Solution File, Format Version 11.00
# Visual C# Express 2010
Project("{FAE04EC0-301F-11D3-BF4B-00C04F79EFBC}") = "GPXUtils", "GPXUtils\GPXUtils.csproj", "{2065B4FE-57A1-444E-8712-08C4F8E3240C}"
EndProject
Project("{FAE04EC0-301F-11D3-BF4B-00C04F79EFBC}") = "GeoUtils", "GeoUtils\GeoUtils.csproj", "{BD5FFBEC-D5F0-4168-9976-258ADDB39AE9}"
EndProject
Project("{FAE04EC0-301F-11D3-BF4B-00C04F79EFBC}") = "GeoUtils.Tests", "GeoUtils.Tests\GeoUtils.Tests.csproj", "{265AA36A-91F8-4332-91D3-BD2645D4BE3E}"
EndProject
Project("{FAE04EC0-301F-11D3-BF4B-00C04F79EFBC}") = "OSMUtils", "OSMUtils\OSMUtils.csproj", "{1DD2BDF4-8D35-42B6-9426-EED5CD098058}"
EndProject
Project("{FAE04EC0-301F-11D3-BF4B-00C04F79EFBC}") = "OSMUtils.Tests", "OSMUtils.Tests\OSMUtils.Tests.csproj", "{025F48A2-8A8F-4535-B04F-BC7366D80050}"
EndProject
Project("{FAE04EC0-301F-11D3-BF4B-00C04F79EFBC}") = "GPXUtils.Tests", "GPXUtils.Tests\GPXUtils.Tests.csproj", "{A66F2DE5-9724-4285-B6A8-EA7872B071D6}"
EndProject
Project("{FAE04EC0-301F-11D3-BF4B-00C04F79EFBC}") = "Workbench", "Workbench\Workbench.csproj", "{2E37237A-FC25-4449-92F7-C0B887BD73E7}"
EndProject
Project("{FAE04EC0-301F-11D3-BF4B-00C04F79EFBC}") = "OSM2Routing", "OSM2Routing\OSM2Routing.csproj", "{BA78D994-2B26-4207-AE4F-22E381986B32}"
EndProject
Project("{FAE04EC0-301F-11D3-BF4B-00C04F79EFBC}") = "OSM2Routing.Tests", "OSM2Routing.Tests\OSM2Routing.Tests.csproj", "{B11ED88C-761E-45C6-B89C-C0B7520E79E8}"
EndProject
Global
	GlobalSection(SolutionConfigurationPlatforms) = preSolution
		Debug|Any CPU = Debug|Any CPU
		Debug|Mixed Platforms = Debug|Mixed Platforms
		Debug|x86 = Debug|x86
		Release|Any CPU = Release|Any CPU
		Release|Mixed Platforms = Release|Mixed Platforms
		Release|x86 = Release|x86
	EndGlobalSection
	GlobalSection(ProjectConfigurationPlatforms) = postSolution
		{2065B4FE-57A1-444E-8712-08C4F8E3240C}.Debug|Any CPU.ActiveCfg = Debug|Any CPU
		{2065B4FE-57A1-444E-8712-08C4F8E3240C}.Debug|Any CPU.Build.0 = Debug|Any CPU
		{2065B4FE-57A1-444E-8712-08C4F8E3240C}.Debug|Mixed Platforms.ActiveCfg = Debug|Any CPU
		{2065B4FE-57A1-444E-8712-08C4F8E3240C}.Debug|Mixed Platforms.Build.0 = Debug|Any CPU
		{2065B4FE-57A1-444E-8712-08C4F8E3240C}.Debug|x86.ActiveCfg = Debug|Any CPU
		{2065B4FE-57A1-444E-8712-08C4F8E3240C}.Release|Any CPU.ActiveCfg = Release|Any CPU
		{2065B4FE-57A1-444E-8712-08C4F8E3240C}.Release|Any CPU.Build.0 = Release|Any CPU
		{2065B4FE-57A1-444E-8712-08C4F8E3240C}.Release|Mixed Platforms.ActiveCfg = Release|Any CPU
		{2065B4FE-57A1-444E-8712-08C4F8E3240C}.Release|Mixed Platforms.Build.0 = Release|Any CPU
		{2065B4FE-57A1-444E-8712-08C4F8E3240C}.Release|x86.ActiveCfg = Release|Any CPU
		{BD5FFBEC-D5F0-4168-9976-258ADDB39AE9}.Debug|Any CPU.ActiveCfg = Debug|Any CPU
		{BD5FFBEC-D5F0-4168-9976-258ADDB39AE9}.Debug|Any CPU.Build.0 = Debug|Any CPU
		{BD5FFBEC-D5F0-4168-9976-258ADDB39AE9}.Debug|Mixed Platforms.ActiveCfg = Debug|Any CPU
		{BD5FFBEC-D5F0-4168-9976-258ADDB39AE9}.Debug|Mixed Platforms.Build.0 = Debug|Any CPU
		{BD5FFBEC-D5F0-4168-9976-258ADDB39AE9}.Debug|x86.ActiveCfg = Debug|Any CPU
		{BD5FFBEC-D5F0-4168-9976-258ADDB39AE9}.Release|Any CPU.ActiveCfg = Release|Any CPU
		{BD5FFBEC-D5F0-4168-9976-258ADDB39AE9}.Release|Any CPU.Build.0 = Release|Any CPU
		{BD5FFBEC-D5F0-4168-9976-258ADDB39AE9}.Release|Mixed Platforms.ActiveCfg = Release|Any CPU
		{BD5FFBEC-D5F0-4168-9976-258ADDB39AE9}.Release|Mixed Platforms.Build.0 = Release|Any CPU
		{BD5FFBEC-D5F0-4168-9976-258ADDB39AE9}.Release|x86.ActiveCfg = Release|Any CPU
		{265AA36A-91F8-4332-91D3-BD2645D4BE3E}.Debug|Any CPU.ActiveCfg = Debug|Any CPU
		{265AA36A-91F8-4332-91D3-BD2645D4BE3E}.Debug|Any CPU.Build.0 = Debug|Any CPU
		{265AA36A-91F8-4332-91D3-BD2645D4BE3E}.Debug|Mixed Platforms.ActiveCfg = Debug|Any CPU
		{265AA36A-91F8-4332-91D3-BD2645D4BE3E}.Debug|Mixed Platforms.Build.0 = Debug|Any CPU
		{265AA36A-91F8-4332-91D3-BD2645D4BE3E}.Debug|x86.ActiveCfg = Debug|Any CPU
		{265AA36A-91F8-4332-91D3-BD2645D4BE3E}.Release|Any CPU.ActiveCfg = Release|Any CPU
		{265AA36A-91F8-4332-91D3-BD2645D4BE3E}.Release|Any CPU.Build.0 = Release|Any CPU
		{265AA36A-91F8-4332-91D3-BD2645D4BE3E}.Release|Mixed Platforms.ActiveCfg = Release|Any CPU
		{265AA36A-91F8-4332-91D3-BD2645D4BE3E}.Release|Mixed Platforms.Build.0 = Release|Any CPU
		{265AA36A-91F8-4332-91D3-BD2645D4BE3E}.Release|x86.ActiveCfg = Release|Any CPU
		{1DD2BDF4-8D35-42B6-9426-EED5CD098058}.Debug|Any CPU.ActiveCfg = Debug|Any CPU
		{1DD2BDF4-8D35-42B6-9426-EED5CD098058}.Debug|Any CPU.Build.0 = Debug|Any CPU
		{1DD2BDF4-8D35-42B6-9426-EED5CD098058}.Debug|Mixed Platforms.ActiveCfg = Debug|Any CPU
		{1DD2BDF4-8D35-42B6-9426-EED5CD098058}.Debug|Mixed Platforms.Build.0 = Debug|Any CPU
		{1DD2BDF4-8D35-42B6-9426-EED5CD098058}.Debug|x86.ActiveCfg = Debug|Any CPU
		{1DD2BDF4-8D35-42B6-9426-EED5CD098058}.Release|Any CPU.ActiveCfg = Release|Any CPU
		{1DD2BDF4-8D35-42B6-9426-EED5CD098058}.Release|Any CPU.Build.0 = Release|Any CPU
		{1DD2BDF4-8D35-42B6-9426-EED5CD098058}.Release|Mixed Platforms.ActiveCfg = Release|Any CPU
		{1DD2BDF4-8D35-42B6-9426-EED5CD098058}.Release|Mixed Platforms.Build.0 = Release|Any CPU
		{1DD2BDF4-8D35-42B6-9426-EED5CD098058}.Release|x86.ActiveCfg = Release|Any CPU
		{025F48A2-8A8F-4535-B04F-BC7366D80050}.Debug|Any CPU.ActiveCfg = Debug|Any CPU
		{025F48A2-8A8F-4535-B04F-BC7366D80050}.Debug|Any CPU.Build.0 = Debug|Any CPU
		{025F48A2-8A8F-4535-B04F-BC7366D80050}.Debug|Mixed Platforms.ActiveCfg = Debug|Any CPU
		{025F48A2-8A8F-4535-B04F-BC7366D80050}.Debug|Mixed Platforms.Build.0 = Debug|Any CPU
		{025F48A2-8A8F-4535-B04F-BC7366D80050}.Debug|x86.ActiveCfg = Debug|Any CPU
		{025F48A2-8A8F-4535-B04F-BC7366D80050}.Release|Any CPU.ActiveCfg = Release|Any CPU
		{025F48A2-8A8F-4535-B04F-BC7366D80050}.Release|Any CPU.Build.0 = Release|Any CPU
		{025F48A2-8A8F-4535-B04F-BC7366D80050}.Release|Mixed Platforms.ActiveCfg = Release|Any CPU
		{025F48A2-8A8F-4535-B04F-BC7366D80050}.Release|Mixed Platforms.Build.0 = Release|Any CPU
		{025F48A2-8A8F-4535-B04F-BC7366D80050}.Release|x86.ActiveCfg = Release|Any CPU
		{A66F2DE5-9724-4285-B6A8-EA7872B071D6}.Debug|Any CPU.ActiveCfg = Debug|Any CPU
		{A66F2DE5-9724-4285-B6A8-EA7872B071D6}.Debug|Any CPU.Build.0 = Debug|Any CPU
		{A66F2DE5-9724-4285-B6A8-EA7872B071D6}.Debug|Mixed Platforms.ActiveCfg = Debug|Any CPU
		{A66F2DE5-9724-4285-B6A8-EA7872B071D6}.Debug|Mixed Platforms.Build.0 = Debug|Any CPU
		{A66F2DE5-9724-4285-B6A8-EA7872B071D6}.Debug|x86.ActiveCfg = Debug|Any CPU
		{A66F2DE5-9724-4285-B6A8-EA7872B071D6}.Release|Any CPU.ActiveCfg = Release|Any CPU
		{A66F2DE5-9724-4285-B6A8-EA7872B071D6}.Release|Any CPU.Build.0 = Release|Any CPU
		{A66F2DE5-9724-4285-B6A8-EA7872B071D6}.Release|Mixed Platforms.ActiveCfg = Release|Any CPU
		{A66F2DE5-9724-4285-B6A8-EA7872B071D6}.Release|Mixed Platforms.Build.0 = Release|Any CPU
		{A66F2DE5-9724-4285-B6A8-EA7872B071D6}.Release|x86.ActiveCfg = Release|Any CPU
		{2E37237A-FC25-4449-92F7-C0B887BD73E7}.Debug|Any CPU.ActiveCfg = Debug|x86
		{2E37237A-FC25-4449-92F7-C0B887BD73E7}.Debug|Mixed Platforms.ActiveCfg = Debug|x86
		{2E37237A-FC25-4449-92F7-C0B887BD73E7}.Debug|Mixed Platforms.Build.0 = Debug|x86
		{2E37237A-FC25-4449-92F7-C0B887BD73E7}.Debug|x86.ActiveCfg = Debug|x86
		{2E37237A-FC25-4449-92F7-C0B887BD73E7}.Debug|x86.Build.0 = Debug|x86
		{2E37237A-FC25-4449-92F7-C0B887BD73E7}.Release|Any CPU.ActiveCfg = Release|x86
		{2E37237A-FC25-4449-92F7-C0B887BD73E7}.Release|Mixed Platforms.ActiveCfg = Release|x86
		{2E37237A-FC25-4449-92F7-C0B887BD73E7}.Release|Mixed Platforms.Build.0 = Release|x86
		{2E37237A-FC25-4449-92F7-C0B887BD73E7}.Release|x86.ActiveCfg = Release|x86
		{2E37237A-FC25-4449-92F7-C0B887BD73E7}.Release|x86.Build.0 = Release|x86
		{BA78D994-2B26-4207-AE4F-22E381986B32}.Debug|Any CPU.ActiveCfg = Debug|x86
		{BA78D994-2B26-4207-AE4F-22E381986B32}.Debug|Mixed Platforms.ActiveCfg = Debug|x86
		{BA78D994-2B26-4207-AE4F-22E381986B32}.Debug|Mixed Platforms.Build.0 = Debug|x86
		{BA78D994-2B26-4207-AE4F-22E381986B32}.Debug|x86.ActiveCfg = Debug|x86
		{BA78D994-2B26-4207-AE4F-22E381986B32}.Debug|x86.Build.0 = Debug|x86
		{BA78D994-2B26-4207-AE4F-22E381986B32}.Release|Any CPU.ActiveCfg = Release|x86
		{BA78D994-2B26-4207-AE4F-22E381986B32}.Release|Mixed Platforms.ActiveCfg = Release|x86
		{BA78D994-2B26-4207-AE4F-22E381986B32}.Release|Mixed Platforms.Build.0 = Release|x86
		{BA78D994-2B26-4207-AE4F-22E381986B32}.Release|x86.ActiveCfg = Release|x86
		{BA78D994-2B26-4207-AE4F-22E381986B32}.Release|x86.Build.0 = Release|x86
		{B11ED88C-761E-45C6-B89C-C0B7520E79E8}.Debug|Any CPU.ActiveCfg = Debug|Any CPU
		{B11ED88C-761E-45C6-B89C-C0B7520E79E8}.Debug|Any CPU.Build.0 = Debug|Any CPU
		{B11ED88C-761E-45C6-B89C-C0B7520E79E8}.Debug|Mixed Platforms.ActiveCfg = Debug|Any CPU
		{B11ED88C-761E-45C6-B89C-C0B7520E79E8}.Debug|Mixed Platforms.Build.0 = Debug|Any CPU
		{B11ED88C-761E-45C6-B89C-C0B7520E79E8}.Debug|x86.ActiveCfg = Debug|Any CPU
		{B11ED88C-761E-45C6-B89C-C0B7520E79E8}.Release|Any CPU.ActiveCfg = Release|Any CPU
		{B11ED88C-761E-45C6-B89C-C0B7520E79E8}.Release|Any CPU.Build.0 = Release|Any CPU
		{B11ED88C-761E-45C6-B89C-C0B7520E79E8}.Release|Mixed Platforms.ActiveCfg = Release|Any CPU
		{B11ED88C-761E-45C6-B89C-C0B7520E79E8}.Release|Mixed Platforms.Build.0 = Release|Any CPU
		{B11ED88C-761E-45C6-B89C-C0B7520E79E8}.Release|x86.ActiveCfg = Release|Any CPU
	EndGlobalSection
	GlobalSection(SolutionProperties) = preSolution
		HideSolutionNode = FALSE
	EndGlobalSection
EndGlobal
